
Microsoft Visual Studio Solution File, Format Version 12.00
# Visual Studio Version 17
VisualStudioVersion = 17.2.32630.192
MinimumVisualStudioVersion = 10.0.40219.1
Project("{FAE04EC0-301F-11D3-BF4B-00C04F79EFBC}") = "ConsoleApp3", "ConsoleApp3\ConsoleApp3.csproj", "{618F8493-F183-43AE-8182-A0ABED491B83}"
EndProject
Global
	GlobalSection(SolutionConfigurationPlatforms) = preSolution
		Debug|Any CPU = Debug|Any CPU
		Release|Any CPU = Release|Any CPU
	EndGlobalSection
	GlobalSection(ProjectConfigurationPlatforms) = postSolution
		{618F8493-F183-43AE-8182-A0ABED491B83}.Debug|Any CPU.ActiveCfg = Debug|Any CPU
		{618F8493-F183-43AE-8182-A0ABED491B83}.Debug|Any CPU.Build.0 = Debug|Any CPU
		{618F8493-F183-43AE-8182-A0ABED491B83}.Release|Any CPU.ActiveCfg = Release|Any CPU
		{618F8493-F183-43AE-8182-A0ABED491B83}.Release|Any CPU.Build.0 = Release|Any CPU
	EndGlobalSection
	GlobalSection(SolutionProperties) = preSolution
		HideSolutionNode = FALSE
	EndGlobalSection
	GlobalSection(ExtensibilityGlobals) = postSolution
		SolutionGuid = {1AF2AFB3-D329-4E47-895D-2363B4460238}
	EndGlobalSection
EndGlobal
